
Microsoft Visual Studio Solution File, Format Version 12.00
# Visual Studio Version 17
VisualStudioVersion = 17.0.31912.275
MinimumVisualStudioVersion = 10.0.40219.1
Project("{FAE04EC0-301F-11D3-BF4B-00C04F79EFBC}") = "barboek", "barboek\barboek.csproj", "{044AAE7F-80D9-4A5B-BBD1-8AEF3457C861}"
EndProject
Global
	GlobalSection(SolutionConfigurationPlatforms) = preSolution
		Debug|Any CPU = Debug|Any CPU
		Release|Any CPU = Release|Any CPU
	EndGlobalSection
	GlobalSection(ProjectConfigurationPlatforms) = postSolution
		{044AAE7F-80D9-4A5B-BBD1-8AEF3457C861}.Debug|Any CPU.ActiveCfg = Debug|Any CPU
		{044AAE7F-80D9-4A5B-BBD1-8AEF3457C861}.Debug|Any CPU.Build.0 = Debug|Any CPU
		{044AAE7F-80D9-4A5B-BBD1-8AEF3457C861}.Release|Any CPU.ActiveCfg = Release|Any CPU
		{044AAE7F-80D9-4A5B-BBD1-8AEF3457C861}.Release|Any CPU.Build.0 = Release|Any CPU
	EndGlobalSection
	GlobalSection(SolutionProperties) = preSolution
		HideSolutionNode = FALSE
	EndGlobalSection
	GlobalSection(ExtensibilityGlobals) = postSolution
		SolutionGuid = {CFAE4B00-951E-49CC-ABE2-9024407D3C6E}
	EndGlobalSection
EndGlobal
